
Microsoft Visual Studio Solution File, Format Version 12.00
# Visual Studio Version 16
VisualStudioVersion = 16.0.31624.102
MinimumVisualStudioVersion = 10.0.40219.1
Project("{FAE04EC0-301F-11D3-BF4B-00C04F79EFBC}") = "EF_DotNetFramework", "EF_DotNetFramework\EF_DotNetFramework.csproj", "{CA6D364E-67A4-48C1-AC29-0EBD5B7AA8A7}"
EndProject
Global
	GlobalSection(SolutionConfigurationPlatforms) = preSolution
		Debug|Any CPU = Debug|Any CPU
		Release|Any CPU = Release|Any CPU
	EndGlobalSection
	GlobalSection(ProjectConfigurationPlatforms) = postSolution
		{CA6D364E-67A4-48C1-AC29-0EBD5B7AA8A7}.Debug|Any CPU.ActiveCfg = Debug|Any CPU
		{CA6D364E-67A4-48C1-AC29-0EBD5B7AA8A7}.Debug|Any CPU.Build.0 = Debug|Any CPU
		{CA6D364E-67A4-48C1-AC29-0EBD5B7AA8A7}.Release|Any CPU.ActiveCfg = Release|Any CPU
		{CA6D364E-67A4-48C1-AC29-0EBD5B7AA8A7}.Release|Any CPU.Build.0 = Release|Any CPU
	EndGlobalSection
	GlobalSection(SolutionProperties) = preSolution
		HideSolutionNode = FALSE
	EndGlobalSection
	GlobalSection(ExtensibilityGlobals) = postSolution
		SolutionGuid = {113672BA-B728-4B8E-8369-59FA7DCA4060}
	EndGlobalSection
EndGlobal
